{
  "name": "backend",
  "version": "1.0.0",
  "lockfileVersion": 2,
  "requires": true,
  "packages": {
    "": {
      "name": "backend",
      "version": "1.0.0",
      "license": "ISC",
      "dependencies": {
        "@skymass/skymass": "^0.1.107"
      }
    },
    "node_modules/@grinstead/atomize": {
      "version": "0.1.13",
      "resolved": "https://registry.npmjs.org/@grinstead/atomize/-/atomize-0.1.13.tgz",
      "integrity": "sha512-9I1koRcb0RVuUirXypPXRRb2f/plr+weR1yiNLSKUW63qCjB0m+AOftxAI6T5M9GOXAlMBAc4sb3EJbRSyoYgQ=="
    },
    "node_modules/@skymass/skymass": {
      "version": "0.1.107",
      "resolved": "https://registry.npmjs.org/@skymass/skymass/-/skymass-0.1.107.tgz",
      "integrity": "sha512-u2Ko+HnhZngJNsHznyuqyCXS2EegWbqFVTHi5JzIqXYPLh6wNt8FIjISfZHXQ6vcV8u4rHTsuuZPLRUZ4MUreg==",
      "dependencies": {
        "@grinstead/atomize": "^0.1.13",
        "rxjs": "^7.5.6",
        "ws": "^8.4.2",
        "zod": "^3.19.1"
      }
    },
    "node_modules/rxjs": {
      "version": "7.8.0",
      "resolved": "https://registry.npmjs.org/rxjs/-/rxjs-7.8.0.tgz",
      "integrity": "sha512-F2+gxDshqmIub1KdvZkaEfGDwLNpPvk9Fs6LD/MyQxNgMds/WH9OdDDXOmxUZpME+iSK3rQCctkL0DYyytUqMg==",
      "dependencies": {
        "tslib": "^2.1.0"
      }
    },
    "node_modules/tslib": {
      "version": "2.5.0",
      "resolved": "https://registry.npmjs.org/tslib/-/tslib-2.5.0.tgz",
      "integrity": "sha512-336iVw3rtn2BUK7ORdIAHTyxHGRIHVReokCR3XjbckJMK7ms8FysBfhLR8IXnAgy7T0PTPNBWKiH514FOW/WSg=="
    },
    "node_modules/ws": {
      "version": "8.13.0",
      "resolved": "https://registry.npmjs.org/ws/-/ws-8.13.0.tgz",
      "integrity": "sha512-x9vcZYTrFPC7aSIbj7sRCYo7L/Xb8Iy+pW0ng0wt2vCJv7M9HOMy0UoN3rr+IFC7hb7vXoqS+P9ktyLLLhO+LA==",
      "engines": {
        "node": ">=10.0.0"
      },
      "peerDependencies": {
        "bufferutil": "^4.0.1",
        "utf-8-validate": ">=5.0.2"
      },
      "peerDependenciesMeta": {
        "bufferutil": {
          "optional": true
        },
        "utf-8-validate": {
          "optional": true
        }
      }
    },
    "node_modules/zod": {
      "version": "3.21.4",
      "resolved": "https://registry.npmjs.org/zod/-/zod-3.21.4.tgz",
      "integrity": "sha512-m46AKbrzKVzOzs/DZgVnG5H55N1sv1M8qZU3A8RIKbs3mrACDNeIOeilDymVb2HdmP8uwshOCF4uJ8uM9rCqJw==",
      "funding": {
        "url": "https://github.com/sponsors/colinhacks"
      }
    }
  },
  "dependencies": {
    "@grinstead/atomize": {
      "version": "0.1.13",
      "resolved": "https://registry.npmjs.org/@grinstead/atomize/-/atomize-0.1.13.tgz",
      "integrity": "sha512-9I1koRcb0RVuUirXypPXRRb2f/plr+weR1yiNLSKUW63qCjB0m+AOftxAI6T5M9GOXAlMBAc4sb3EJbRSyoYgQ=="
    },
    "@skymass/skymass": {
      "version": "0.1.107",
      "resolved": "https://registry.npmjs.org/@skymass/skymass/-/skymass-0.1.107.tgz",
      "integrity": "sha512-u2Ko+HnhZngJNsHznyuqyCXS2EegWbqFVTHi5JzIqXYPLh6wNt8FIjISfZHXQ6vcV8u4rHTsuuZPLRUZ4MUreg==",
      "requires": {
        "@grinstead/atomize": "^0.1.13",
        "rxjs": "^7.5.6",
        "ws": "^8.4.2",
        "zod": "^3.19.1"
      }
    },
    "rxjs": {
      "version": "7.8.0",
      "resolved": "https://registry.npmjs.org/rxjs/-/rxjs-7.8.0.tgz",
      "integrity": "sha512-F2+gxDshqmIub1KdvZkaEfGDwLNpPvk9Fs6LD/MyQxNgMds/WH9OdDDXOmxUZpME+iSK3rQCctkL0DYyytUqMg==",
      "requires": {
        "tslib": "^2.1.0"
      }
    },
    "tslib": {
      "version": "2.5.0",
      "resolved": "https://registry.npmjs.org/tslib/-/tslib-2.5.0.tgz",
      "integrity": "sha512-336iVw3rtn2BUK7ORdIAHTyxHGRIHVReokCR3XjbckJMK7ms8FysBfhLR8IXnAgy7T0PTPNBWKiH514FOW/WSg=="
    },
    "ws": {
      "version": "8.13.0",
      "resolved": "https://registry.npmjs.org/ws/-/ws-8.13.0.tgz",
      "integrity": "sha512-x9vcZYTrFPC7aSIbj7sRCYo7L/Xb8Iy+pW0ng0wt2vCJv7M9HOMy0UoN3rr+IFC7hb7vXoqS+P9ktyLLLhO+LA==",
      "requires": {}
    },
    "zod": {
      "version": "3.21.4",
      "resolved": "https://registry.npmjs.org/zod/-/zod-3.21.4.tgz",
      "integrity": "sha512-m46AKbrzKVzOzs/DZgVnG5H55N1sv1M8qZU3A8RIKbs3mrACDNeIOeilDymVb2HdmP8uwshOCF4uJ8uM9rCqJw=="
    }
  }
}
